// !$*UTF8*$!
{
	archiveVersion = 1;
	classes = {
	};
	objectVersion = 46;
	objects = {

/* Begin PBXBuildFile section */
		8D519A221EC6BF070045A1B0 /* books.json in Resources */ = {isa = PBXBuildFile; fileRef = 8D519A211EC6BF070045A1B0 /* books.json */; };
		8D6B2D801EB9F6AC00AAF33A /* AppDelegate.swift in Sources */ = {isa = PBXBuildFile; fileRef = 8D6B2D7F1EB9F6AC00AAF33A /* AppDelegate.swift */; };
		8D6B2D821EB9F6AC00AAF33A /* ViewController.swift in Sources */ = {isa = PBXBuildFile; fileRef = 8D6B2D811EB9F6AC00AAF33A /* ViewController.swift */; };
		8D6B2D871EB9F6AC00AAF33A /* Assets.xcassets in Resources */ = {isa = PBXBuildFile; fileRef = 8D6B2D861EB9F6AC00AAF33A /* Assets.xcassets */; };
		8D6B2D8A1EB9F6AC00AAF33A /* LaunchScreen.storyboard in Resources */ = {isa = PBXBuildFile; fileRef = 8D6B2D881EB9F6AC00AAF33A /* LaunchScreen.storyboard */; };
/* End PBXBuildFile section */

/* Begin PBXFileReference section */
		8D519A211EC6BF070045A1B0 /* books.json */ = {isa = PBXFileReference; fileEncoding = 4; lastKnownFileType = text.json; path = books.json; sourceTree = "<group>"; };
		8D6B2D7C1EB9F6AC00AAF33A /* BookRoom.app */ = {isa = PBXFileReference; explicitFileType = wrapper.application; includeInIndex = 0; path = BookRoom.app; sourceTree = BUILT_PRODUCTS_DIR; };
		8D6B2D7F1EB9F6AC00AAF33A /* AppDelegate.swift */ = {isa = PBXFileReference; lastKnownFileType = sourcecode.swift; path = AppDelegate.swift; sourceTree = "<group>"; };
		8D6B2D811EB9F6AC00AAF33A /* ViewController.swift */ = {isa = PBXFileReference; lastKnownFileType = sourcecode.swift; path = ViewController.swift; sourceTree = "<group>"; };
		8D6B2D861EB9F6AC00AAF33A /* Assets.xcassets */ = {isa = PBXFileReference; lastKnownFileType = folder.assetcatalog; path = Assets.xcassets; sourceTree = "<group>"; };
		8D6B2D891EB9F6AC00AAF33A /* Base */ = {isa = PBXFileReference; lastKnownFileType = file.storyboard; name = Base; path = Base.lproj/LaunchScreen.storyboard; sourceTree = "<group>"; };
		8D6B2D8B1EB9F6AC00AAF33A /* Info.plist */ = {isa = PBXFileReference; lastKnownFileType = text.plist.xml; path = Info.plist; sourceTree = "<group>"; };
/* End PBXFileReference section */

/* Begin PBXFrameworksBuildPhase section */
		8D6B2D791EB9F6AC00AAF33A /* Frameworks */ = {
			isa = PBXFrameworksBuildPhase;
			buildActionMask = 2147483647;
			files = (
			);
			runOnlyForDeploymentPostprocessing = 0;
		};
/* End PBXFrameworksBuildPhase section */

/* Begin PBXGroup section */
		8D6B2D731EB9F6AB00AAF33A = {
			isa = PBXGroup;
			children = (
				8D6B2D7E1EB9F6AC00AAF33A /* BookRoom */,
				8D6B2D7D1EB9F6AC00AAF33A /* Products */,
			);
			sourceTree = "<group>";
		};
		8D6B2D7D1EB9F6AC00AAF33A /* Products */ = {
			isa = PBXGroup;
			children = (
				8D6B2D7C1EB9F6AC00AAF33A /* BookRoom.app */,
			);
			name = Products;
			sourceTree = "<group>";
		};
		8D6B2D7E1EB9F6AC00AAF33A /* BookRoom */ = {
			isa = PBXGroup;
			children = (
				8D519A211EC6BF070045A1B0 /* books.json */,
				8D6B2D7F1EB9F6AC00AAF33A /* AppDelegate.swift */,
				8D6B2D811EB9F6AC00AAF33A /* ViewController.swift */,
				8D6B2D861EB9F6AC00AAF33A /* Assets.xcassets */,
				8D6B2D881EB9F6AC00AAF33A /* LaunchScreen.storyboard */,
				8D6B2D8B1EB9F6AC00AAF33A /* Info.plist */,
			);
			path = BookRoom;
			sourceTree = "<group>";
		};
/* End PBXGroup section */

/* Begin PBXNativeTarget section */
		8D6B2D7B1EB9F6AC00AAF33A /* BookRoom */ = {
			isa = PBXNativeTarget;
			buildConfigurationList = 8D6B2D8E1EB9F6AC00AAF33A /* Build configuration list for PBXNativeTarget "BookRoom" */;
			buildPhases = (
				8D6B2D781EB9F6AC00AAF33A /* Sources */,
				8D6B2D791EB9F6AC00AAF33A /* Frameworks */,
				8D6B2D7A1EB9F6AC00AAF33A /* Resources */,
			);
			buildRules = (
			);
			dependencies = (
			);
			name = BookRoom;
			productName = BookRoom;
			productReference = 8D6B2D7C1EB9F6AC00AAF33A /* BookRoom.app */;
			productType = "com.apple.product-type.application";
		};
/* End PBXNativeTarget section */

/* Begin PBXProject section */
		8D6B2D741EB9F6AB00AAF33A /* Project object */ = {
			isa = PBXProject;
			attributes = {
				LastSwiftUpdateCheck = 0830;
				LastUpgradeCheck = 0910;
				ORGANIZATIONNAME = firstleap;
				TargetAttributes = {
					8D6B2D7B1EB9F6AC00AAF33A = {
						CreatedOnToolsVersion = 8.3.2;
						DevelopmentTeam = 5CC4VW7238;
						LastSwiftMigration = 0910;
						ProvisioningStyle = Automatic;
					};
				};
			};
			buildConfigurationList = 8D6B2D771EB9F6AB00AAF33A /* Build configuration list for PBXProject "BookRoom" */;
			compatibilityVersion = "Xcode 3.2";
			developmentRegion = English;
			hasScannedForEncodings = 0;
			knownRegions = (
				en,
				Base,
			);
			mainGroup = 8D6B2D731EB9F6AB00AAF33A;
			productRefGroup = 8D6B2D7D1EB9F6AC00AAF33A /* Products */;
			projectDirPath = "";
			projectRoot = "";
			targets = (
				8D6B2D7B1EB9F6AC00AAF33A /* BookRoom */,
			);
		};
/* End PBXProject section */

/* Begin PBXResourcesBuildPhase section */
		8D6B2D7A1EB9F6AC00AAF33A /* Resources */ = {
			isa = PBXResourcesBuildPhase;
			buildActionMask = 2147483647;
			files = (
				8D519A221EC6BF070045A1B0 /* books.json in Resources */,
				8D6B2D8A1EB9F6AC00AAF33A /* LaunchScreen.storyboard in Resources */,
				8D6B2D871EB9F6AC00AAF33A /* Assets.xcassets in Resources */,
			);
			runOnlyForDeploymentPostprocessing = 0;
		};
/* End PBXResourcesBuildPhase section */

/* Begin PBXSourcesBuildPhase section */
		8D6B2D781EB9F6AC00AAF33A /* Sources */ = {
			isa = PBXSourcesBuildPhase;
			buildActionMask = 2147483647;
			files = (
				8D6B2D821EB9F6AC00AAF33A /* ViewController.swift in Sources */,
				8D6B2D801EB9F6AC00AAF33A /* AppDelegate.swift in Sources */,
			);
			runOnlyForDeploymentPostprocessing = 0;
		};
/* End PBXSourcesBuildPhase section */

/* Begin PBXVariantGroup section */
		8D6B2D881EB9F6AC00AAF33A /* LaunchScreen.storyboard */ = {
			isa = PBXVariantGroup;
			children = (
				8D6B2D891EB9F6AC00AAF33A /* Base */,
			);
			name = LaunchScreen.storyboard;
			sourceTree = "<group>";
		};
/* End PBXVariantGroup section */

/* Begin XCBuildConfiguration section */
		8D6B2D8C1EB9F6AC00AAF33A /* Debug */ = {
			isa = XCBuildConfiguration;
			buildSettings = {
				ALWAYS_SEARCH_USER_PATHS = NO;
				CLANG_ANALYZER_NONNULL = YES;
				CLANG_ANALYZER_NUMBER_OBJECT_CONVERSION = YES_AGGRESSIVE;
				CLANG_CXX_LANGUAGE_STANDARD = "gnu++0x";
				CLANG_CXX_LIBRARY = "libc++";
				CLANG_ENABLE_MODULES = YES;
				CLANG_ENABLE_OBJC_ARC = YES;
				CLANG_WARN_BLOCK_CAPTURE_AUTORELEASING = YES;
				CLANG_WARN_BOOL_CONVERSION = YES;
				CLANG_WARN_COMMA = YES;
				CLANG_WARN_CONSTANT_CONVERSION = YES;
				CLANG_WARN_DIRECT_OBJC_ISA_USAGE = YES_ERROR;
				CLANG_WARN_DOCUMENTATION_COMMENTS = YES;
				CLANG_WARN_EMPTY_BODY = YES;
				CLANG_WARN_ENUM_CONVERSION = YES;
				CLANG_WARN_INFINITE_RECURSION = YES;
				CLANG_WARN_INT_CONVERSION = YES;
				CLANG_WARN_NON_LITERAL_NULL_CONVERSION = YES;
				CLANG_WARN_OBJC_LITERAL_CONVERSION = YES;
				CLANG_WARN_OBJC_ROOT_CLASS = YES_ERROR;
				CLANG_WARN_RANGE_LOOP_ANALYSIS = YES;
				CLANG_WARN_STRICT_PROTOTYPES = YES;
				CLANG_WARN_SUSPICIOUS_MOVE = YES;
				CLANG_WARN_UNREACHABLE_CODE = YES;
				CLANG_WARN__DUPLICATE_METHOD_MATCH = YES;
				"CODE_SIGN_IDENTITY[sdk=iphoneos*]" = "iPhone Developer";
				COPY_PHASE_STRIP = NO;
				DEBUG_INFORMATION_FORMAT = dwarf;
				ENABLE_STRICT_OBJC_MSGSEND = YES;
				ENABLE_TESTABILITY = YES;
				GCC_C_LANGUAGE_STANDARD = gnu99;
				GCC_DYNAMIC_NO_PIC = NO;
				GCC_NO_COMMON_BLOCKS = YES;
				GCC_OPTIMIZATION_LEVEL = 0;
				GCC_PREPROCESSOR_DEFINITIONS = (
					"DEBUG=1",
					"$(inherited)",
				);
				GCC_WARN_64_TO_32_BIT_CONVERSION = YES;
				GCC_WARN_ABOUT_RETURN_TYPE = YES_ERROR;
				GCC_WARN_UNDECLARED_SELECTOR = YES;
				GCC_WARN_UNINITIALIZED_AUTOS = YES_AGGRESSIVE;
				GCC_WARN_UNUSED_FUNCTION = YES;
				GCC_WARN_UNUSED_VARIABLE = YES;
				IPHONEOS_DEPLOYMENT_TARGET = 10.3;
				MTL_ENABLE_DEBUG_INFO = YES;
				ONLY_ACTIVE_ARCH = YES;
				SDKROOT = iphoneos;
				SWIFT_ACTIVE_COMPILATION_CONDITIONS = DEBUG;
				SWIFT_OPTIMIZATION_LEVEL = "-Onone";
				TARGETED_DEVICE_FAMILY = "1,2";
			};
			name = Debug;
		};
		8D6B2D8D1EB9F6AC00AAF33A /* Release */ = {
			isa = XCBuildConfiguration;
			buildSettings = {
				ALWAYS_SEARCH_USER_PATHS = NO;
				CLANG_ANALYZER_NONNULL = YES;
				CLANG_ANALYZER_NUMBER_OBJECT_CONVERSION = YES_AGGRESSIVE;
				CLANG_CXX_LANGUAGE_STANDARD = "gnu++0x";
				CLANG_CXX_LIBRARY = "libc++";
				CLANG_ENABLE_MODULES = YES;
				CLANG_ENABLE_OBJC_ARC = YES;
				CLANG_WARN_BLOCK_CAPTURE_AUTORELEASING = YES;
				CLANG_WARN_BOOL_CONVERSION = YES;
				CLANG_WARN_COMMA = YES;
				CLANG_WARN_CONSTANT_CONVERSION = YES;
				CLANG_WARN_DIRECT_OBJC_ISA_USAGE = YES_ERROR;
				CLANG_WARN_DOCUMENTATION_COMMENTS = YES;
				CLANG_WARN_EMPTY_BODY = YES;
				CLANG_WARN_ENUM_CONVERSION = YES;
				CLANG_WARN_INFINITE_RECURSION = YES;
				CLANG_WARN_INT_CONVERSION = YES;
				CLANG_WARN_NON_LITERAL_NULL_CONVERSION = YES;
				CLANG_WARN_OBJC_LITERAL_CONVERSION = YES;
				CLANG_WARN_OBJC_ROOT_CLASS = YES_ERROR;
				CLANG_WARN_RANGE_LOOP_ANALYSIS = YES;
				CLANG_WARN_STRICT_PROTOTYPES = YES;
				CLANG_WARN_SUSPICIOUS_MOVE = YES;
				CLANG_WARN_UNREACHABLE_CODE = YES;
				CLANG_WARN__DUPLICATE_METHOD_MATCH = YES;
				"CODE_SIGN_IDENTITY[sdk=iphoneos*]" = "iPhone Developer";
				COPY_PHASE_STRIP = NO;
				DEBUG_INFORMATION_FORMAT = "dwarf-with-dsym";
				ENABLE_NS_ASSERTIONS = NO;
				ENABLE_STRICT_OBJC_MSGSEND = YES;
				GCC_C_LANGUAGE_STANDARD = gnu99;
				GCC_NO_COMMON_BLOCKS = YES;
				GCC_WARN_64_TO_32_BIT_CONVERSION = YES;
				GCC_WARN_ABOUT_RETURN_TYPE = YES_ERROR;
				GCC_WARN_UNDECLARED_SELECTOR = YES;
				GCC_WARN_UNINITIALIZED_AUTOS = YES_AGGRESSIVE;
				GCC_WARN_UNUSED_FUNCTION = YES;
				GCC_WARN_UNUSED_VARIABLE = YES;
				IPHONEOS_DEPLOYMENT_TARGET = 10.3;
				MTL_ENABLE_DEBUG_INFO = NO;
				SDKROOT = iphoneos;
				SWIFT_OPTIMIZATION_LEVEL = "-Owholemodule";
				TARGETED_DEVICE_FAMILY = "1,2";
				VALIDATE_PRODUCT = YES;
			};
			name = Release;
		};
		8D6B2D8F1EB9F6AC00AAF33A /* Debug */ = {
			isa = XCBuildConfiguration;
			buildSettings = {
				ASSETCATALOG_COMPILER_APPICON_NAME = AppIcon;
				DEVELOPMENT_TEAM = 5CC4VW7238;
				INFOPLIST_FILE = BookRoom/Info.plist;
				IPHONEOS_DEPLOYMENT_TARGET = 8.2;
				LD_RUNPATH_SEARCH_PATHS = "$(inherited) @executable_path/Frameworks";
				PRODUCT_BUNDLE_IDENTIFIER = cn.firstleap.www.BookRoom;
				PRODUCT_NAME = "$(TARGET_NAME)";
				SWIFT_SWIFT3_OBJC_INFERENCE = On;
				SWIFT_VERSION = 4.0;
			};
			name = Debug;
		};
		8D6B2D901EB9F6AC00AAF33A /* Release */ = {
			isa = XCBuildConfiguration;
			buildSettings = {
				ASSETCATALOG_COMPILER_APPICON_NAME = AppIcon;
				DEVELOPMENT_TEAM = 5CC4VW7238;
				INFOPLIST_FILE = BookRoom/Info.plist;
				IPHONEOS_DEPLOYMENT_TARGET = 8.2;
				LD_RUNPATH_SEARCH_PATHS = "$(inherited) @executable_path/Frameworks";
				PRODUCT_BUNDLE_IDENTIFIER = cn.firstleap.www.BookRoom;
				PRODUCT_NAME = "$(TARGET_NAME)";
				SWIFT_SWIFT3_OBJC_INFERENCE = On;
				SWIFT_VERSION = 4.0;
			};
			name = Release;
		};
/* End XCBuildConfiguration section */

/* Begin XCConfigurationList section */
		8D6B2D771EB9F6AB00AAF33A /* Build configuration list for PBXProject "BookRoom" */ = {
			isa = XCConfigurationList;
			buildConfigurations = (
				8D6B2D8C1EB9F6AC00AAF33A /* Debug */,
				8D6B2D8D1EB9F6AC00AAF33A /* Release */,
			);
			defaultConfigurationIsVisible = 0;
			defaultConfigurationName = Release;
		};
		8D6B2D8E1EB9F6AC00AAF33A /* Build configuration list for PBXNativeTarget "BookRoom" */ = {
			isa = XCConfigurationList;
			buildConfigurations = (
				8D6B2D8F1EB9F6AC00AAF33A /* Debug */,
				8D6B2D901EB9F6AC00AAF33A /* Release */,
			);
			defaultConfigurationIsVisible = 0;
			defaultConfigurationName = Release;
		};
/* End XCConfigurationList section */
	};
	rootObject = 8D6B2D741EB9F6AB00AAF33A /* Project object */;
}
